
Microsoft Visual Studio Solution File, Format Version 12.00
# Visual Studio Version 17
VisualStudioVersion = 17.2.32519.379
MinimumVisualStudioVersion = 10.0.40219.1
Project("{2150E333-8FDC-42A3-9474-1A3956D46DE8}") = "BuilderPattern", "BuilderPattern", "{2E8F74FE-01FA-44BE-8D76-FAC1FA8352BC}"
EndProject
Project("{9A19103F-16F7-4668-BE54-9A1E7A4F7556}") = "BuilderPattern", "src\BuilderPattern\BuilderPattern.csproj", "{8B5A5425-7762-4E82-A0A9-EB3FBA81DFF9}"
EndProject
Project("{2150E333-8FDC-42A3-9474-1A3956D46DE8}") = "FactoryMethodPattern", "FactoryMethodPattern", "{67AF4F67-1A5E-466E-BF0F-5C2A00D8C025}"
EndProject
Project("{2150E333-8FDC-42A3-9474-1A3956D46DE8}") = "FactoryMethodAbstractPattern", "FactoryMethodAbstractPattern", "{C3E5CD4E-03C5-4721-A224-70E8C153C8E0}"
EndProject
Project("{9A19103F-16F7-4668-BE54-9A1E7A4F7556}") = "FactoryMethodAbstractPattern", "src\FactoryMethodAbstractPattern\FactoryMethodAbstractPattern.csproj", "{5F61DBDD-F485-4C09-B22D-9B23DF6C0613}"
EndProject
Project("{9A19103F-16F7-4668-BE54-9A1E7A4F7556}") = "FactoryMethodPattern", "src\FactoryMethodPattern\FactoryMethodPattern.csproj", "{1546EC07-A188-49FC-B495-0FADC3D097D1}"
EndProject
Project("{2150E333-8FDC-42A3-9474-1A3956D46DE8}") = "PrototypePattern", "PrototypePattern", "{21A7AB2C-3FA4-4561-A82A-CFAB3D7932EA}"
EndProject
Project("{2150E333-8FDC-42A3-9474-1A3956D46DE8}") = "SingletonPattern", "SingletonPattern", "{01657676-50AC-4502-A954-388AE5B95D63}"
EndProject
Project("{9A19103F-16F7-4668-BE54-9A1E7A4F7556}") = "SingletonPattern", "src\SingletonPattern\SingletonPattern.csproj", "{C2EF330D-9AC2-409B-8E62-C1E31E051D8D}"
EndProject
Project("{9A19103F-16F7-4668-BE54-9A1E7A4F7556}") = "PrototypePattern", "src\PrototypePattern\PrototypePattern.csproj", "{67DA92A9-1C6F-4633-842F-BDDC904655C5}"
EndProject
Project("{2150E333-8FDC-42A3-9474-1A3956D46DE8}") = "AdapterPattern", "AdapterPattern", "{C135548E-0D86-49AD-A3D8-76468B248D6A}"
EndProject
Project("{9A19103F-16F7-4668-BE54-9A1E7A4F7556}") = "AdapterPattern", "src\AdapterPattern\AdapterPattern.csproj", "{4692E31E-C4A9-4706-8466-BBABF9F65959}"
EndProject
Project("{2150E333-8FDC-42A3-9474-1A3956D46DE8}") = "BridgePattern", "BridgePattern", "{3DF25A3F-ED08-4B6D-917D-DBC4D7ACD69D}"
EndProject
Project("{9A19103F-16F7-4668-BE54-9A1E7A4F7556}") = "BridgePattern", "src\BridgePattern\BridgePattern.csproj", "{B6DEEFF8-6576-4527-8FCE-4F032A2342D5}"
EndProject
Project("{2150E333-8FDC-42A3-9474-1A3956D46DE8}") = "CompositePattern", "CompositePattern", "{06384A0B-B9C3-4F05-9C7E-44557DD37E9B}"
EndProject
Project("{9A19103F-16F7-4668-BE54-9A1E7A4F7556}") = "CompositePattern", "src\CompositePattern\CompositePattern.csproj", "{CAC3625F-D22A-4730-8628-A69F2CBBAC05}"
EndProject
Project("{2150E333-8FDC-42A3-9474-1A3956D46DE8}") = "DecoratorPattern", "DecoratorPattern", "{312BEC85-3520-4319-9A52-FD28EBB0B78A}"
EndProject
Project("{9A19103F-16F7-4668-BE54-9A1E7A4F7556}") = "Problem", "src\DecoratorPattern\Problem\Problem.csproj", "{ED8CC778-67BE-4EC2-9148-DCE180F19FC1}"
EndProject
Project("{9A19103F-16F7-4668-BE54-9A1E7A4F7556}") = "Soluction", "src\DecoratorPattern\Soluction\Soluction.csproj", "{64F0CC74-D04D-4318-BDA2-D2D4FDCE6969}"
EndProject
Project("{2150E333-8FDC-42A3-9474-1A3956D46DE8}") = "FecodePattern", "FecodePattern", "{3AD9FA49-6B3D-46A8-9C6F-E94F0C20A940}"
EndProject
Project("{9A19103F-16F7-4668-BE54-9A1E7A4F7556}") = "Problem", "src\FecodePattern\Problem\Problem.csproj", "{A9CA4A43-CA43-4913-8AFE-F32EBDC7078B}"
EndProject
Project("{9A19103F-16F7-4668-BE54-9A1E7A4F7556}") = "Soluction", "src\FecodePattern\Soluction\Soluction.csproj", "{688103DC-1AD5-41FF-8F8D-D71F399091C6}"
EndProject
Project("{2150E333-8FDC-42A3-9474-1A3956D46DE8}") = "FlyWeightPattern", "FlyWeightPattern", "{5A1623B3-ECA4-4F9F-A52F-087F09095786}"
EndProject
Project("{9A19103F-16F7-4668-BE54-9A1E7A4F7556}") = "FlyWeightPattern", "src\FlyWeightPattern\FlyWeightPattern.csproj", "{5B539D43-1888-4780-A246-A2133B37D58B}"
EndProject
Project("{2150E333-8FDC-42A3-9474-1A3956D46DE8}") = "ProxyMethodPattern", "ProxyMethodPattern", "{B9AB88B9-EAA4-471A-9A6A-C3220F762CC8}"
EndProject
Project("{9A19103F-16F7-4668-BE54-9A1E7A4F7556}") = "ProxyMethodPattern", "src\ProxyMethodPattern\ProxyMethodPattern.csproj", "{72D41B5F-2D6A-4E40-8C8E-FB9E9E67817B}"
EndProject
Project("{2150E333-8FDC-42A3-9474-1A3956D46DE8}") = "ChainResponsabilityPattern", "ChainResponsabilityPattern", "{0D1B7885-723C-4F75-A604-A1642865EB8C}"
EndProject
Project("{9A19103F-16F7-4668-BE54-9A1E7A4F7556}") = "ChainResponsabilityPattern", "src\ChainResponsabilityPattern\ChainResponsabilityPattern.csproj", "{8B580337-22ED-4039-A21A-C39A6FCE9EDB}"
EndProject
Project("{2150E333-8FDC-42A3-9474-1A3956D46DE8}") = "CommandPattern", "CommandPattern", "{C9F05A57-DAD0-429E-ABFE-FB02166E345F}"
EndProject
Project("{9A19103F-16F7-4668-BE54-9A1E7A4F7556}") = "CommandPattern", "src\CommandPattern\CommandPattern.csproj", "{98251DA7-1665-48DD-8887-0C842B862C88}"
EndProject
Project("{2150E333-8FDC-42A3-9474-1A3956D46DE8}") = "InterpreterPattern", "InterpreterPattern", "{8ADCC2AB-3B2C-48B9-8D29-5F939860E500}"
EndProject
Project("{9A19103F-16F7-4668-BE54-9A1E7A4F7556}") = "InterpreterPattern", "src\InterpreterPattern\InterpreterPattern.csproj", "{3F0461D8-6033-4891-9141-B6ACDABBF46D}"
EndProject
Project("{2150E333-8FDC-42A3-9474-1A3956D46DE8}") = "IteratorPattern", "IteratorPattern", "{E7B0B2FC-6354-4FFA-AE60-0EEBCB2A8451}"
EndProject
Project("{9A19103F-16F7-4668-BE54-9A1E7A4F7556}") = "Problem", "src\IteratorPattern\Problem\Problem.csproj", "{F64DC6EF-4DD9-4B31-BC2F-68327E030E89}"
EndProject
Project("{9A19103F-16F7-4668-BE54-9A1E7A4F7556}") = "Soluction", "src\IteratorPattern\Soluction\Soluction.csproj", "{8AFE3837-4BDA-4D34-B1A5-A2467068CF4D}"
EndProject
Project("{9A19103F-16F7-4668-BE54-9A1E7A4F7556}") = "WithIEnumerator", "src\IteratorPattern\WithIEnumerator\WithIEnumerator.csproj", "{13EE7ADF-0FD0-402D-84AD-A51E1720024A}"
EndProject
Project("{2150E333-8FDC-42A3-9474-1A3956D46DE8}") = "MementoPattern", "MementoPattern", "{4474BACB-9AB7-4BCD-A828-AC016DBA1997}"
EndProject
Project("{9A19103F-16F7-4668-BE54-9A1E7A4F7556}") = "MementoPattern", "src\MementoPattern\MementoPattern.csproj", "{93704F08-1A5B-45C4-9AF7-C9999ED7D467}"
EndProject
Project("{2150E333-8FDC-42A3-9474-1A3956D46DE8}") = "MediatorPattern", "MediatorPattern", "{A6EE799D-58FC-42EC-864D-80BACBA5866B}"
EndProject
Project("{9A19103F-16F7-4668-BE54-9A1E7A4F7556}") = "MediatorPattern", "src\MediatorPattern\MediatorPattern.csproj", "{9C5E72F2-D8EB-4B63-9949-DA06772283CE}"
EndProject
Project("{2150E333-8FDC-42A3-9474-1A3956D46DE8}") = "NullObjectPattern", "NullObjectPattern", "{10B36C23-FEF9-4F42-BE78-856FF2E7368A}"
EndProject
Project("{9A19103F-16F7-4668-BE54-9A1E7A4F7556}") = "NullObjectPattern", "src\NullObjectPattern\NullObjectPattern.csproj", "{FE6334B3-A0BC-4A97-85E7-B7B64D665FE2}"
EndProject
Project("{2150E333-8FDC-42A3-9474-1A3956D46DE8}") = "ObserverPattern", "ObserverPattern", "{44FDC182-959D-4AE2-B32D-06177884AC9B}"
EndProject
Project("{9A19103F-16F7-4668-BE54-9A1E7A4F7556}") = "ObserverPattern", "src\ObserverPattern\ObserverPattern\ObserverPattern.csproj", "{07FE66AF-437C-45ED-8BBD-81188B4BEFAE}"
EndProject
Project("{2150E333-8FDC-42A3-9474-1A3956D46DE8}") = "StatePattern", "StatePattern", "{62720D4E-DCBF-4127-8D1B-79E3774AB0DC}"
EndProject
Project("{9A19103F-16F7-4668-BE54-9A1E7A4F7556}") = "StatePatternOption1", "src\StatePattern\StatePatternOption1\StatePatternOption1.csproj", "{55CABD4D-5002-49CE-9BD7-BE3E2B6C3AC5}"
EndProject
Project("{9A19103F-16F7-4668-BE54-9A1E7A4F7556}") = "StatePatternOption2Nuget", "src\StatePattern\StatePatternOption2Nuget\StatePatternOption2Nuget.csproj", "{1D6BBBB3-320B-4925-81B0-9961C043C54E}"
EndProject
Project("{9A19103F-16F7-4668-BE54-9A1E7A4F7556}") = "StatePatternOption3", "src\StatePattern\StatePatternOption3\StatePatternOption3.csproj", "{0CDA186D-1DC4-4D5E-8A3F-20EBAE2B479B}"
EndProject
Global
	GlobalSection(SolutionConfigurationPlatforms) = preSolution
		Debug|Any CPU = Debug|Any CPU
		Release|Any CPU = Release|Any CPU
	EndGlobalSection
	GlobalSection(ProjectConfigurationPlatforms) = postSolution
		{8B5A5425-7762-4E82-A0A9-EB3FBA81DFF9}.Debug|Any CPU.ActiveCfg = Debug|Any CPU
		{8B5A5425-7762-4E82-A0A9-EB3FBA81DFF9}.Debug|Any CPU.Build.0 = Debug|Any CPU
		{8B5A5425-7762-4E82-A0A9-EB3FBA81DFF9}.Release|Any CPU.ActiveCfg = Release|Any CPU
		{8B5A5425-7762-4E82-A0A9-EB3FBA81DFF9}.Release|Any CPU.Build.0 = Release|Any CPU
		{5F61DBDD-F485-4C09-B22D-9B23DF6C0613}.Debug|Any CPU.ActiveCfg = Debug|Any CPU
		{5F61DBDD-F485-4C09-B22D-9B23DF6C0613}.Debug|Any CPU.Build.0 = Debug|Any CPU
		{5F61DBDD-F485-4C09-B22D-9B23DF6C0613}.Release|Any CPU.ActiveCfg = Release|Any CPU
		{5F61DBDD-F485-4C09-B22D-9B23DF6C0613}.Release|Any CPU.Build.0 = Release|Any CPU
		{1546EC07-A188-49FC-B495-0FADC3D097D1}.Debug|Any CPU.ActiveCfg = Debug|Any CPU
		{1546EC07-A188-49FC-B495-0FADC3D097D1}.Debug|Any CPU.Build.0 = Debug|Any CPU
		{1546EC07-A188-49FC-B495-0FADC3D097D1}.Release|Any CPU.ActiveCfg = Release|Any CPU
		{1546EC07-A188-49FC-B495-0FADC3D097D1}.Release|Any CPU.Build.0 = Release|Any CPU
		{C2EF330D-9AC2-409B-8E62-C1E31E051D8D}.Debug|Any CPU.ActiveCfg = Debug|Any CPU
		{C2EF330D-9AC2-409B-8E62-C1E31E051D8D}.Debug|Any CPU.Build.0 = Debug|Any CPU
		{C2EF330D-9AC2-409B-8E62-C1E31E051D8D}.Release|Any CPU.ActiveCfg = Release|Any CPU
		{C2EF330D-9AC2-409B-8E62-C1E31E051D8D}.Release|Any CPU.Build.0 = Release|Any CPU
		{67DA92A9-1C6F-4633-842F-BDDC904655C5}.Debug|Any CPU.ActiveCfg = Debug|Any CPU
		{67DA92A9-1C6F-4633-842F-BDDC904655C5}.Debug|Any CPU.Build.0 = Debug|Any CPU
		{67DA92A9-1C6F-4633-842F-BDDC904655C5}.Release|Any CPU.ActiveCfg = Release|Any CPU
		{67DA92A9-1C6F-4633-842F-BDDC904655C5}.Release|Any CPU.Build.0 = Release|Any CPU
		{4692E31E-C4A9-4706-8466-BBABF9F65959}.Debug|Any CPU.ActiveCfg = Debug|Any CPU
		{4692E31E-C4A9-4706-8466-BBABF9F65959}.Debug|Any CPU.Build.0 = Debug|Any CPU
		{4692E31E-C4A9-4706-8466-BBABF9F65959}.Release|Any CPU.ActiveCfg = Release|Any CPU
		{4692E31E-C4A9-4706-8466-BBABF9F65959}.Release|Any CPU.Build.0 = Release|Any CPU
		{B6DEEFF8-6576-4527-8FCE-4F032A2342D5}.Debug|Any CPU.ActiveCfg = Debug|Any CPU
		{B6DEEFF8-6576-4527-8FCE-4F032A2342D5}.Debug|Any CPU.Build.0 = Debug|Any CPU
		{B6DEEFF8-6576-4527-8FCE-4F032A2342D5}.Release|Any CPU.ActiveCfg = Release|Any CPU
		{B6DEEFF8-6576-4527-8FCE-4F032A2342D5}.Release|Any CPU.Build.0 = Release|Any CPU
		{CAC3625F-D22A-4730-8628-A69F2CBBAC05}.Debug|Any CPU.ActiveCfg = Debug|Any CPU
		{CAC3625F-D22A-4730-8628-A69F2CBBAC05}.Debug|Any CPU.Build.0 = Debug|Any CPU
		{CAC3625F-D22A-4730-8628-A69F2CBBAC05}.Release|Any CPU.ActiveCfg = Release|Any CPU
		{CAC3625F-D22A-4730-8628-A69F2CBBAC05}.Release|Any CPU.Build.0 = Release|Any CPU
		{ED8CC778-67BE-4EC2-9148-DCE180F19FC1}.Debug|Any CPU.ActiveCfg = Debug|Any CPU
		{ED8CC778-67BE-4EC2-9148-DCE180F19FC1}.Debug|Any CPU.Build.0 = Debug|Any CPU
		{ED8CC778-67BE-4EC2-9148-DCE180F19FC1}.Release|Any CPU.ActiveCfg = Release|Any CPU
		{ED8CC778-67BE-4EC2-9148-DCE180F19FC1}.Release|Any CPU.Build.0 = Release|Any CPU
		{64F0CC74-D04D-4318-BDA2-D2D4FDCE6969}.Debug|Any CPU.ActiveCfg = Debug|Any CPU
		{64F0CC74-D04D-4318-BDA2-D2D4FDCE6969}.Debug|Any CPU.Build.0 = Debug|Any CPU
		{64F0CC74-D04D-4318-BDA2-D2D4FDCE6969}.Release|Any CPU.ActiveCfg = Release|Any CPU
		{64F0CC74-D04D-4318-BDA2-D2D4FDCE6969}.Release|Any CPU.Build.0 = Release|Any CPU
		{A9CA4A43-CA43-4913-8AFE-F32EBDC7078B}.Debug|Any CPU.ActiveCfg = Debug|Any CPU
		{A9CA4A43-CA43-4913-8AFE-F32EBDC7078B}.Debug|Any CPU.Build.0 = Debug|Any CPU
		{A9CA4A43-CA43-4913-8AFE-F32EBDC7078B}.Release|Any CPU.ActiveCfg = Release|Any CPU
		{A9CA4A43-CA43-4913-8AFE-F32EBDC7078B}.Release|Any CPU.Build.0 = Release|Any CPU
		{688103DC-1AD5-41FF-8F8D-D71F399091C6}.Debug|Any CPU.ActiveCfg = Debug|Any CPU
		{688103DC-1AD5-41FF-8F8D-D71F399091C6}.Debug|Any CPU.Build.0 = Debug|Any CPU
		{688103DC-1AD5-41FF-8F8D-D71F399091C6}.Release|Any CPU.ActiveCfg = Release|Any CPU
		{688103DC-1AD5-41FF-8F8D-D71F399091C6}.Release|Any CPU.Build.0 = Release|Any CPU
		{5B539D43-1888-4780-A246-A2133B37D58B}.Debug|Any CPU.ActiveCfg = Debug|Any CPU
		{5B539D43-1888-4780-A246-A2133B37D58B}.Debug|Any CPU.Build.0 = Debug|Any CPU
		{5B539D43-1888-4780-A246-A2133B37D58B}.Release|Any CPU.ActiveCfg = Release|Any CPU
		{5B539D43-1888-4780-A246-A2133B37D58B}.Release|Any CPU.Build.0 = Release|Any CPU
		{72D41B5F-2D6A-4E40-8C8E-FB9E9E67817B}.Debug|Any CPU.ActiveCfg = Debug|Any CPU
		{72D41B5F-2D6A-4E40-8C8E-FB9E9E67817B}.Debug|Any CPU.Build.0 = Debug|Any CPU
		{72D41B5F-2D6A-4E40-8C8E-FB9E9E67817B}.Release|Any CPU.ActiveCfg = Release|Any CPU
		{72D41B5F-2D6A-4E40-8C8E-FB9E9E67817B}.Release|Any CPU.Build.0 = Release|Any CPU
		{8B580337-22ED-4039-A21A-C39A6FCE9EDB}.Debug|Any CPU.ActiveCfg = Debug|Any CPU
		{8B580337-22ED-4039-A21A-C39A6FCE9EDB}.Debug|Any CPU.Build.0 = Debug|Any CPU
		{8B580337-22ED-4039-A21A-C39A6FCE9EDB}.Release|Any CPU.ActiveCfg = Release|Any CPU
		{8B580337-22ED-4039-A21A-C39A6FCE9EDB}.Release|Any CPU.Build.0 = Release|Any CPU
		{98251DA7-1665-48DD-8887-0C842B862C88}.Debug|Any CPU.ActiveCfg = Debug|Any CPU
		{98251DA7-1665-48DD-8887-0C842B862C88}.Debug|Any CPU.Build.0 = Debug|Any CPU
		{98251DA7-1665-48DD-8887-0C842B862C88}.Release|Any CPU.ActiveCfg = Release|Any CPU
		{98251DA7-1665-48DD-8887-0C842B862C88}.Release|Any CPU.Build.0 = Release|Any CPU
		{3F0461D8-6033-4891-9141-B6ACDABBF46D}.Debug|Any CPU.ActiveCfg = Debug|Any CPU
		{3F0461D8-6033-4891-9141-B6ACDABBF46D}.Debug|Any CPU.Build.0 = Debug|Any CPU
		{3F0461D8-6033-4891-9141-B6ACDABBF46D}.Release|Any CPU.ActiveCfg = Release|Any CPU
		{3F0461D8-6033-4891-9141-B6ACDABBF46D}.Release|Any CPU.Build.0 = Release|Any CPU
		{F64DC6EF-4DD9-4B31-BC2F-68327E030E89}.Debug|Any CPU.ActiveCfg = Debug|Any CPU
		{F64DC6EF-4DD9-4B31-BC2F-68327E030E89}.Debug|Any CPU.Build.0 = Debug|Any CPU
		{F64DC6EF-4DD9-4B31-BC2F-68327E030E89}.Release|Any CPU.ActiveCfg = Release|Any CPU
		{F64DC6EF-4DD9-4B31-BC2F-68327E030E89}.Release|Any CPU.Build.0 = Release|Any CPU
		{8AFE3837-4BDA-4D34-B1A5-A2467068CF4D}.Debug|Any CPU.ActiveCfg = Debug|Any CPU
		{8AFE3837-4BDA-4D34-B1A5-A2467068CF4D}.Debug|Any CPU.Build.0 = Debug|Any CPU
		{8AFE3837-4BDA-4D34-B1A5-A2467068CF4D}.Release|Any CPU.ActiveCfg = Release|Any CPU
		{8AFE3837-4BDA-4D34-B1A5-A2467068CF4D}.Release|Any CPU.Build.0 = Release|Any CPU
		{13EE7ADF-0FD0-402D-84AD-A51E1720024A}.Debug|Any CPU.ActiveCfg = Debug|Any CPU
		{13EE7ADF-0FD0-402D-84AD-A51E1720024A}.Debug|Any CPU.Build.0 = Debug|Any CPU
		{13EE7ADF-0FD0-402D-84AD-A51E1720024A}.Release|Any CPU.ActiveCfg = Release|Any CPU
		{13EE7ADF-0FD0-402D-84AD-A51E1720024A}.Release|Any CPU.Build.0 = Release|Any CPU
		{93704F08-1A5B-45C4-9AF7-C9999ED7D467}.Debug|Any CPU.ActiveCfg = Debug|Any CPU
		{93704F08-1A5B-45C4-9AF7-C9999ED7D467}.Debug|Any CPU.Build.0 = Debug|Any CPU
		{93704F08-1A5B-45C4-9AF7-C9999ED7D467}.Release|Any CPU.ActiveCfg = Release|Any CPU
		{93704F08-1A5B-45C4-9AF7-C9999ED7D467}.Release|Any CPU.Build.0 = Release|Any CPU
		{9C5E72F2-D8EB-4B63-9949-DA06772283CE}.Debug|Any CPU.ActiveCfg = Debug|Any CPU
		{9C5E72F2-D8EB-4B63-9949-DA06772283CE}.Debug|Any CPU.Build.0 = Debug|Any CPU
		{9C5E72F2-D8EB-4B63-9949-DA06772283CE}.Release|Any CPU.ActiveCfg = Release|Any CPU
		{9C5E72F2-D8EB-4B63-9949-DA06772283CE}.Release|Any CPU.Build.0 = Release|Any CPU
		{FE6334B3-A0BC-4A97-85E7-B7B64D665FE2}.Debug|Any CPU.ActiveCfg = Debug|Any CPU
		{FE6334B3-A0BC-4A97-85E7-B7B64D665FE2}.Debug|Any CPU.Build.0 = Debug|Any CPU
		{FE6334B3-A0BC-4A97-85E7-B7B64D665FE2}.Release|Any CPU.ActiveCfg = Release|Any CPU
		{FE6334B3-A0BC-4A97-85E7-B7B64D665FE2}.Release|Any CPU.Build.0 = Release|Any CPU
		{07FE66AF-437C-45ED-8BBD-81188B4BEFAE}.Debug|Any CPU.ActiveCfg = Debug|Any CPU
		{07FE66AF-437C-45ED-8BBD-81188B4BEFAE}.Debug|Any CPU.Build.0 = Debug|Any CPU
		{07FE66AF-437C-45ED-8BBD-81188B4BEFAE}.Release|Any CPU.ActiveCfg = Release|Any CPU
		{07FE66AF-437C-45ED-8BBD-81188B4BEFAE}.Release|Any CPU.Build.0 = Release|Any CPU
		{55CABD4D-5002-49CE-9BD7-BE3E2B6C3AC5}.Debug|Any CPU.ActiveCfg = Debug|Any CPU
		{55CABD4D-5002-49CE-9BD7-BE3E2B6C3AC5}.Debug|Any CPU.Build.0 = Debug|Any CPU
		{55CABD4D-5002-49CE-9BD7-BE3E2B6C3AC5}.Release|Any CPU.ActiveCfg = Release|Any CPU
		{55CABD4D-5002-49CE-9BD7-BE3E2B6C3AC5}.Release|Any CPU.Build.0 = Release|Any CPU
		{1D6BBBB3-320B-4925-81B0-9961C043C54E}.Debug|Any CPU.ActiveCfg = Debug|Any CPU
		{1D6BBBB3-320B-4925-81B0-9961C043C54E}.Debug|Any CPU.Build.0 = Debug|Any CPU
		{1D6BBBB3-320B-4925-81B0-9961C043C54E}.Release|Any CPU.ActiveCfg = Release|Any CPU
		{1D6BBBB3-320B-4925-81B0-9961C043C54E}.Release|Any CPU.Build.0 = Release|Any CPU
		{0CDA186D-1DC4-4D5E-8A3F-20EBAE2B479B}.Debug|Any CPU.ActiveCfg = Debug|Any CPU
		{0CDA186D-1DC4-4D5E-8A3F-20EBAE2B479B}.Debug|Any CPU.Build.0 = Debug|Any CPU
		{0CDA186D-1DC4-4D5E-8A3F-20EBAE2B479B}.Release|Any CPU.ActiveCfg = Release|Any CPU
		{0CDA186D-1DC4-4D5E-8A3F-20EBAE2B479B}.Release|Any CPU.Build.0 = Release|Any CPU
	EndGlobalSection
	GlobalSection(SolutionProperties) = preSolution
		HideSolutionNode = FALSE
	EndGlobalSection
	GlobalSection(NestedProjects) = preSolution
		{8B5A5425-7762-4E82-A0A9-EB3FBA81DFF9} = {2E8F74FE-01FA-44BE-8D76-FAC1FA8352BC}
		{5F61DBDD-F485-4C09-B22D-9B23DF6C0613} = {C3E5CD4E-03C5-4721-A224-70E8C153C8E0}
		{1546EC07-A188-49FC-B495-0FADC3D097D1} = {67AF4F67-1A5E-466E-BF0F-5C2A00D8C025}
		{C2EF330D-9AC2-409B-8E62-C1E31E051D8D} = {01657676-50AC-4502-A954-388AE5B95D63}
		{67DA92A9-1C6F-4633-842F-BDDC904655C5} = {21A7AB2C-3FA4-4561-A82A-CFAB3D7932EA}
		{4692E31E-C4A9-4706-8466-BBABF9F65959} = {C135548E-0D86-49AD-A3D8-76468B248D6A}
		{B6DEEFF8-6576-4527-8FCE-4F032A2342D5} = {3DF25A3F-ED08-4B6D-917D-DBC4D7ACD69D}
		{CAC3625F-D22A-4730-8628-A69F2CBBAC05} = {06384A0B-B9C3-4F05-9C7E-44557DD37E9B}
		{ED8CC778-67BE-4EC2-9148-DCE180F19FC1} = {312BEC85-3520-4319-9A52-FD28EBB0B78A}
		{64F0CC74-D04D-4318-BDA2-D2D4FDCE6969} = {312BEC85-3520-4319-9A52-FD28EBB0B78A}
		{A9CA4A43-CA43-4913-8AFE-F32EBDC7078B} = {3AD9FA49-6B3D-46A8-9C6F-E94F0C20A940}
		{688103DC-1AD5-41FF-8F8D-D71F399091C6} = {3AD9FA49-6B3D-46A8-9C6F-E94F0C20A940}
		{5B539D43-1888-4780-A246-A2133B37D58B} = {5A1623B3-ECA4-4F9F-A52F-087F09095786}
		{72D41B5F-2D6A-4E40-8C8E-FB9E9E67817B} = {B9AB88B9-EAA4-471A-9A6A-C3220F762CC8}
		{8B580337-22ED-4039-A21A-C39A6FCE9EDB} = {0D1B7885-723C-4F75-A604-A1642865EB8C}
		{98251DA7-1665-48DD-8887-0C842B862C88} = {C9F05A57-DAD0-429E-ABFE-FB02166E345F}
		{3F0461D8-6033-4891-9141-B6ACDABBF46D} = {8ADCC2AB-3B2C-48B9-8D29-5F939860E500}
		{F64DC6EF-4DD9-4B31-BC2F-68327E030E89} = {E7B0B2FC-6354-4FFA-AE60-0EEBCB2A8451}
		{8AFE3837-4BDA-4D34-B1A5-A2467068CF4D} = {E7B0B2FC-6354-4FFA-AE60-0EEBCB2A8451}
		{13EE7ADF-0FD0-402D-84AD-A51E1720024A} = {E7B0B2FC-6354-4FFA-AE60-0EEBCB2A8451}
		{93704F08-1A5B-45C4-9AF7-C9999ED7D467} = {4474BACB-9AB7-4BCD-A828-AC016DBA1997}
		{9C5E72F2-D8EB-4B63-9949-DA06772283CE} = {A6EE799D-58FC-42EC-864D-80BACBA5866B}
		{FE6334B3-A0BC-4A97-85E7-B7B64D665FE2} = {10B36C23-FEF9-4F42-BE78-856FF2E7368A}
		{07FE66AF-437C-45ED-8BBD-81188B4BEFAE} = {44FDC182-959D-4AE2-B32D-06177884AC9B}
		{55CABD4D-5002-49CE-9BD7-BE3E2B6C3AC5} = {62720D4E-DCBF-4127-8D1B-79E3774AB0DC}
		{1D6BBBB3-320B-4925-81B0-9961C043C54E} = {62720D4E-DCBF-4127-8D1B-79E3774AB0DC}
		{0CDA186D-1DC4-4D5E-8A3F-20EBAE2B479B} = {62720D4E-DCBF-4127-8D1B-79E3774AB0DC}
	EndGlobalSection
	GlobalSection(ExtensibilityGlobals) = postSolution
		SolutionGuid = {9A85F700-AF4F-4A6F-B322-38DFF88793F1}
	EndGlobalSection
EndGlobal
